PODS:
  - "NSDate+TimeAgo (1.0.6)"
  - OpenSSL-Universal (1.0.2.19):
    - OpenSSL-Universal/Static (= 1.0.2.19)
  - OpenSSL-Universal/Static (1.0.2.19)
  - SBJson4 (4.0.5)

DEPENDENCIES:
  - "NSDate+TimeAgo"
  - OpenSSL-Universal
  - SBJson4 (~> 4.0.0)

SPEC REPOS:
  https://github.com/CocoaPods/Specs.git:
    - "NSDate+TimeAgo"
    - OpenSSL-Universal
    - SBJson4

SPEC CHECKSUMS:
  "NSDate+TimeAgo": 35601c619b2d59290055e4fe76e61d97677a2360
  OpenSSL-Universal: 8b48cc0d10c1b2923617dfe5c178aa9ed2689355
  SBJson4: e1aa705a4104e83fd250420709a57de5efae96ff

PODFILE CHECKSUM: 02a3ca035989de8a1865cf0a6cd3dda37cb3ac99

COCOAPODS: 1.14.2
